
Microsoft Visual Studio Solution File, Format Version 12.00
# Visual Studio Version 17
VisualStudioVersion = 17.0.32014.148
MinimumVisualStudioVersion = 10.0.40219.1
Project("{2150E333-8FDC-42A3-9474-1A3956D46DE8}") = "_root", "_root", "{622B2762-903D-417C-8E20-810F9ED2731F}"
	ProjectSection(SolutionItems) = preProject
		.editorconfig = .editorconfig
		.gitattributes = .gitattributes
		.gitignore = .gitignore
		common-unreleased.targets = common-unreleased.targets
		common.targets = common.targets
		LICENSE = LICENSE
		README.md = README.md
	EndProjectSection
EndProject
Project("{9A19103F-16F7-4668-BE54-9A1E7A4F7556}") = "CustomizeExterior", "CustomizeExterior\CustomizeExterior.csproj", "{CB66640E-62E0-4EFE-B2F2-5C06720275F3}"
EndProject
Project("{9A19103F-16F7-4668-BE54-9A1E7A4F7556}") = "SpaceCore", "SpaceCore\SpaceCore.csproj", "{BA657CB4-93ED-4C3A-A66E-86954BEB4CE6}"
EndProject
Project("{D954291E-2A0B-460D-934E-DC6B0785DB48}") = "SpaceShared", "SpaceShared\SpaceShared.shproj", "{061610A4-7D02-4F52-A921-F59ED123C2A9}"
EndProject
Project("{9A19103F-16F7-4668-BE54-9A1E7A4F7556}") = "Terraforming", "Terraforming\Terraforming.csproj", "{3F979F1D-6D46-45EE-9201-8A4E9864FCBF}"
EndProject
Project("{9A19103F-16F7-4668-BE54-9A1E7A4F7556}") = "CustomBuildings", "CustomBuildings\CustomBuildings.csproj", "{5ECB259A-6E3C-46B7-980C-E71730B34C19}"
EndProject
Project("{9A19103F-16F7-4668-BE54-9A1E7A4F7556}") = "CaveFarm", "CaveFarm\CaveFarm.csproj", "{992BE23F-A878-4788-8009-0AA9B099A707}"
EndProject
Project("{9A19103F-16F7-4668-BE54-9A1E7A4F7556}") = "RaftRestoration", "RaftRestoration\RaftRestoration.csproj", "{35253CA1-E09C-4078-8ABB-C05880812F7B}"
EndProject
Project("{9A19103F-16F7-4668-BE54-9A1E7A4F7556}") = "ArcadeRoom", "ArcadeRoom\ArcadeRoom.csproj", "{FA089604-D8E4-4C3F-8E70-B090E17B5548}"
EndProject
Project("{9A19103F-16F7-4668-BE54-9A1E7A4F7556}") = "LocationLayerTool", "LocationLayerTool\LocationLayerTool.csproj", "{A20DE2A2-91A8-41FD-8CB5-75D0B7FF20F9}"
EndProject
Project("{9A19103F-16F7-4668-BE54-9A1E7A4F7556}") = "BuildableLocationsFramework", "BuildableLocationsFramework\BuildableLocationsFramework.csproj", "{C5DF0500-3462-4095-AEF7-3ABC5EBFA5EA}"
EndProject
Project("{9A19103F-16F7-4668-BE54-9A1E7A4F7556}") = "BiggerJunimoChest", "BiggerJunimoChest\BiggerJunimoChest.csproj", "{5AD9A1BF-DC0C-4177-B362-DE4706C99780}"
EndProject
Project("{9A19103F-16F7-4668-BE54-9A1E7A4F7556}") = "MoreEnchantments", "MoreEnchantments\MoreEnchantments.csproj", "{41BBD68D-B674-4DDC-B0A4-7E189F13873A}"
EndProject
Project("{2150E333-8FDC-42A3-9474-1A3956D46DE8}") = "deprecated mods", "deprecated mods", "{88541912-D5C2-4322-8079-4A949DF04384}"
EndProject
Project("{2150E333-8FDC-42A3-9474-1A3956D46DE8}") = "unreleased mods", "unreleased mods", "{8FEFBE16-BBBC-4EA0-829E-E5DCF15F0DFA}"
EndProject
Project("{2150E333-8FDC-42A3-9474-1A3956D46DE8}") = "internal", "internal", "{DED81BB3-A571-46E2-91C2-6A8B7890C7EA}"
EndProject
Project("{D954291E-2A0B-460D-934E-DC6B0785DB48}") = "SpaceSharedPatching", "SpaceSharedPatching\SpaceSharedPatching.shproj", "{A87F5D49-6246-4B14-8363-114DC9335C2C}"
EndProject
Project("{9A19103F-16F7-4668-BE54-9A1E7A4F7556}") = "DynamicGameAssets", "DynamicGameAssets\DynamicGameAssets.csproj", "{100B0E56-6FF4-48EA-97B6-6102CB68931E}"
EndProject
Project("{9A19103F-16F7-4668-BE54-9A1E7A4F7556}") = "JA_to_DGA", "JA_to_DGA\JA_to_DGA.csproj", "{E3CDA243-4E11-493B-96D8-35466ABC5AC4}"
EndProject
Project("{9A19103F-16F7-4668-BE54-9A1E7A4F7556}") = "PicturePortraits", "PicturePortraits\PicturePortraits.csproj", "{39EE1A29-BCBD-4BA5-867F-1439A9359B0E}"
EndProject
Project("{9A19103F-16F7-4668-BE54-9A1E7A4F7556}") = "MisappliedPhysicalities", "MisappliedPhysicalities\MisappliedPhysicalities.csproj", "{43EDE3D9-2062-4F79-B581-708FFAF9D195}"
EndProject
Project("{9A19103F-16F7-4668-BE54-9A1E7A4F7556}") = "MonstersTheFramework", "MonstersTheFramework\MonstersTheFramework.csproj", "{F7D17474-6ED6-42CF-A79B-2A96319E1875}"
EndProject
Project("{9344BDBB-3E7F-41FC-A0DD-8665D75EE146}") = "AnimalSocialMenu", "AnimalSocialMenu\AnimalSocialMenu.csproj", "{28594E53-DF65-4E0E-A72B-7A760141F12B}"
EndProject
Project("{9344BDBB-3E7F-41FC-A0DD-8665D75EE146}") = "AnotherHungerMod", "AnotherHungerMod\AnotherHungerMod.csproj", "{BD56607E-D057-45D9-B6B1-245B1B677DF1}"
EndProject
Project("{9344BDBB-3E7F-41FC-A0DD-8665D75EE146}") = "BetterMeteorites", "BetterMeteorites\BetterMeteorites.csproj", "{4EC2CDF1-98ED-4DF6-AB1F-1BC3375A0DFC}"
EndProject
Project("{9344BDBB-3E7F-41FC-A0DD-8665D75EE146}") = "BetterShopMenu", "BetterShopMenu\BetterShopMenu.csproj", "{4E24C6CB-5BC9-436D-95A3-CF96963156B2}"
EndProject
Project("{9344BDBB-3E7F-41FC-A0DD-8665D75EE146}") = "BugNet", "BugNet\BugNet.csproj", "{B63B267D-A984-4675-8B18-D528B117C3D0}"
EndProject
Project("{9344BDBB-3E7F-41FC-A0DD-8665D75EE146}") = "CarryChest", "CarryChest\CarryChest.csproj", "{0A8D92A7-0237-403F-B72D-1A5A261FB4BA}"
EndProject
Project("{9344BDBB-3E7F-41FC-A0DD-8665D75EE146}") = "CombatLevelDamageScaler", "CombatLevelDamageScaler\CombatLevelDamageScaler.csproj", "{561B9E48-A20B-41AE-81F9-FD77F956734C}"
EndProject
Project("{9344BDBB-3E7F-41FC-A0DD-8665D75EE146}") = "ConsoleCode", "ConsoleCode\ConsoleCode.csproj", "{02EF79D8-4BCA-4E20-AA20-F843E15CDE15}"
EndProject
Project("{9344BDBB-3E7F-41FC-A0DD-8665D75EE146}") = "ContentPatcherAnimations", "ContentPatcherAnimations\ContentPatcherAnimations.csproj", "{ED51BA9F-7322-4948-B6CA-D7AE9839B50A}"
EndProject
Project("{9344BDBB-3E7F-41FC-A0DD-8665D75EE146}") = "CookingSkill", "CookingSkill\CookingSkill.csproj", "{2ECCCA4E-2E0B-4A16-B3E6-CDE1735F18BC}"
EndProject
Project("{9344BDBB-3E7F-41FC-A0DD-8665D75EE146}") = "CustomCritters", "CustomCritters\CustomCritters.csproj", "{D0770F7F-0E9B-4DD6-8D9F-6872DD706BDC}"
EndProject
Project("{9344BDBB-3E7F-41FC-A0DD-8665D75EE146}") = "CustomNPCFixes", "CustomNPCFixes\CustomNPCFixes.csproj", "{CD988656-2CB6-4D5F-B3B8-4B2780985A4B}"
EndProject
Project("{9344BDBB-3E7F-41FC-A0DD-8665D75EE146}") = "ExperienceBars", "ExperienceBars\ExperienceBars.csproj", "{F799A9C6-CD96-4549-BF4A-1BA0CB8C123B}"
EndProject
Project("{9344BDBB-3E7F-41FC-A0DD-8665D75EE146}") = "ExtendedReach", "ExtendedReach\ExtendedReach.csproj", "{800997CF-14AA-48E4-B745-6BB38A5F019D}"
EndProject
Project("{9344BDBB-3E7F-41FC-A0DD-8665D75EE146}") = "FlowerColorPicker", "FlowerColorPicker\FlowerColorPicker.csproj", "{6C2DEC47-C311-45F3-B370-490D97CBA5A8}"
EndProject
Project("{9344BDBB-3E7F-41FC-A0DD-8665D75EE146}") = "GenericModConfigMenu", "GenericModConfigMenu\GenericModConfigMenu.csproj", "{330C49DB-CC4A-4F75-B5EE-C65C4FC59886}"
EndProject
Project("{9344BDBB-3E7F-41FC-A0DD-8665D75EE146}") = "JsonAssets", "JsonAssets\JsonAssets.csproj", "{1FDD33AE-6517-4365-86C2-B2F6D3D483EF}"
EndProject
Project("{9344BDBB-3E7F-41FC-A0DD-8665D75EE146}") = "JumpOver", "JumpOver\JumpOver.csproj", "{8215F780-33BE-432A-8E3B-7AF05B5F8597}"
EndProject
Project("{9344BDBB-3E7F-41FC-A0DD-8665D75EE146}") = "LuckSkill", "LuckSkill\LuckSkill.csproj", "{50FD9CBE-3558-4A73-B190-95A55E502C4E}"
EndProject
Project("{9344BDBB-3E7F-41FC-A0DD-8665D75EE146}") = "Magic", "Magic\Magic.csproj", "{E30AB9FA-29B3-4695-B6FF-4D3EE30BAAF5}"
EndProject
Project("{9344BDBB-3E7F-41FC-A0DD-8665D75EE146}") = "MoreBuildings", "MoreBuildings\MoreBuildings.csproj", "{CEA58C15-F5E3-4B3C-89BD-2D9C577ADF33}"
EndProject
Project("{9344BDBB-3E7F-41FC-A0DD-8665D75EE146}") = "MoreGrassStarters", "MoreGrassStarters\MoreGrassStarters.csproj", "{3DDCA44D-5A37-4A02-979E-31FF92033E13}"
EndProject
Project("{9344BDBB-3E7F-41FC-A0DD-8665D75EE146}") = "MoreRings", "MoreRings\MoreRings.csproj", "{CDFC9BE1-513C-4787-850D-6414D1DA7FF1}"
EndProject
Project("{9344BDBB-3E7F-41FC-A0DD-8665D75EE146}") = "ObjectTimeLeft", "ObjectTimeLeft\ObjectTimeLeft.csproj", "{E4382367-2434-416A-86BD-F53C69E221BB}"
EndProject
Project("{9344BDBB-3E7F-41FC-A0DD-8665D75EE146}") = "ProfitCalculator", "ProfitCalculator\ProfitCalculator.csproj", "{5235584A-E35E-46C4-B582-98B3EBEBC09D}"
EndProject
Project("{9344BDBB-3E7F-41FC-A0DD-8665D75EE146}") = "RushOrders", "RushOrders\RushOrders.csproj", "{B440E088-02F3-406E-B295-7FECC3BE3CB0}"
EndProject
Project("{9344BDBB-3E7F-41FC-A0DD-8665D75EE146}") = "SleepyEye", "SleepyEye\SleepyEye.csproj", "{F2918F32-CE62-4C7E-885F-641649E5661D}"
EndProject
Project("{9344BDBB-3E7F-41FC-A0DD-8665D75EE146}") = "Spenny", "Spenny\Spenny.csproj", "{6935F172-E0A9-4E51-B610-475859408A14}"
EndProject
Project("{9344BDBB-3E7F-41FC-A0DD-8665D75EE146}") = "TheftOfTheWinterStar", "TheftOfTheWinterStar\TheftOfTheWinterStar.csproj", "{8C5E05CA-B50C-4C6C-94B6-CC3BF9F2BD85}"
EndProject
Project("{9344BDBB-3E7F-41FC-A0DD-8665D75EE146}") = "ThreeHeartDancePartner", "ThreeHeartDancePartner\ThreeHeartDancePartner.csproj", "{26ED90B0-854D-4286-8045-B9C64384E9E8}"
EndProject
Project("{9344BDBB-3E7F-41FC-A0DD-8665D75EE146}") = "ThrowableAxe", "ThrowableAxe\ThrowableAxe.csproj", "{17239463-80AD-4CC5-B8A5-A49E55B5206D}"
EndProject
Project("{9344BDBB-3E7F-41FC-A0DD-8665D75EE146}") = "MoreGiantCrops", "MoreGiantCrops\MoreGiantCrops.csproj", "{1494BB7A-C657-4800-91A0-642A043AE29A}"
EndProject
Project("{9344BDBB-3E7F-41FC-A0DD-8665D75EE146}") = "FlowerRain", "FlowerRain\FlowerRain.csproj", "{9DA7CB5E-D13A-41D3-9FC7-A725096A416C}"
EndProject
Project("{9344BDBB-3E7F-41FC-A0DD-8665D75EE146}") = "ManaBar", "ManaBar\ManaBar.csproj", "{E03A1328-B017-422E-BE41-BDD173837A9D}"
EndProject
Project("{9344BDBB-3E7F-41FC-A0DD-8665D75EE146}") = "JunimosAcceptCash", "JunimosAcceptCash\JunimosAcceptCash.csproj", "{822DEA3C-8E3F-43EB-A5FB-F11FF54D3FA1}"
EndProject
Project("{9344BDBB-3E7F-41FC-A0DD-8665D75EE146}") = "HybridCropEngine", "HybridCropEngine\HybridCropEngine.csproj", "{72810960-1F80-4915-995C-8ED69E67514A}"
EndProject
Project("{9344BDBB-3E7F-41FC-A0DD-8665D75EE146}") = "StatueOfGenerosity", "StatueOfGenerosity\StatueOfGenerosity.csproj", "{E7D3AD4C-6D6E-491D-A487-0ED86A0947D1}"
EndProject
Project("{9344BDBB-3E7F-41FC-A0DD-8665D75EE146}") = "BiggerCraftables", "BiggerCraftables\BiggerCraftables.csproj", "{D4CD1094-5B5D-423D-AE99-1DD33BBAF0B3}"
EndProject
Project("{9344BDBB-3E7F-41FC-A0DD-8665D75EE146}") = "SurfingFestival", "SurfingFestival\SurfingFestival.csproj", "{E74F49DE-F654-4790-9A34-413ECF943A05}"
EndProject
Project("{9344BDBB-3E7F-41FC-A0DD-8665D75EE146}") = "PyromancersJourney", "PyromancersJourney\PyromancersJourney.csproj", "{D7BCABC3-EDF1-4D53-AC4A-AF7F52CD2291}"
EndProject
Project("{9344BDBB-3E7F-41FC-A0DD-8665D75EE146}") = "MultiFertilizer", "MultiFertilizer\MultiFertilizer.csproj", "{FF616F1F-036B-48FF-8690-EEC24E8F2C30}"
EndProject
Project("{9344BDBB-3E7F-41FC-A0DD-8665D75EE146}") = "Displays", "Displays\Displays.csproj", "{7DC0FCC5-E1DF-406B-9D58-BB3F5766CB2C}"
EndProject
Project("{9344BDBB-3E7F-41FC-A0DD-8665D75EE146}") = "CapstoneProfessions", "CapstoneProfessions\CapstoneProfessions.csproj", "{3CDCCCDC-C05D-4790-A22C-0E61D509528C}"
EndProject
Project("{9344BDBB-3E7F-41FC-A0DD-8665D75EE146}") = "PreexistingRelationship", "PreexistingRelationship\PreexistingRelationship.csproj", "{C2A06849-452C-47E9-A074-8D9BE2CD2136}"
EndProject
Project("{9344BDBB-3E7F-41FC-A0DD-8665D75EE146}") = "RealtimeMinimap", "RealtimeMinimap\RealtimeMinimap.csproj", "{83734912-BA8D-420F-8F87-0E36DD79188F}"
EndProject
Project("{9344BDBB-3E7F-41FC-A0DD-8665D75EE146}") = "SuperHopper", "SuperHopper\SuperHopper.csproj", "{F3F2A625-76CC-4F9F-9530-D9B833B84314}"
EndProject
Project("{9344BDBB-3E7F-41FC-A0DD-8665D75EE146}") = "DGAAutomate", "DGAAutomate\DGAAutomate.csproj", "{E1301815-0253-47D1-8F30-6FA2CD54CB45}"
EndProject
Project("{9344BDBB-3E7F-41FC-A0DD-8665D75EE146}") = "MoonMisadventures", "MoonMisadventures\MoonMisadventures.csproj", "{7DCDC568-15C6-46BF-9241-4AC43582750E}"
EndProject
Project("{9344BDBB-3E7F-41FC-A0DD-8665D75EE146}") = "ContentCode", "ContentCode\ContentCode.csproj", "{33661E20-D4BD-48AF-BA0F-08FB45CA2DDE}"
EndProject
Project("{9A19103F-16F7-4668-BE54-9A1E7A4F7556}") = "ContentPatcherEditor", "ContentPatcherEditor\ContentPatcherEditor.csproj", "{34AB99B0-096E-4919-933C-A7A04D1E9F91}"
EndProject
Project("{9A19103F-16F7-4668-BE54-9A1E7A4F7556}") = "Custom_Crops", "Custom_Crops\Custom_Crops.csproj", "{695CDA6A-9398-4D71-9432-9763CC510020}"
EndProject
Project("{FAE04EC0-301F-11D3-BF4B-00C04F79EFBC}") = "NewGamePlus", "NewGamePlus\NewGamePlus.csproj", "{3DA3FB18-AC0C-40F4-B45B-5D13916D032A}"
EndProject
Global
	GlobalSection(SharedMSBuildProjectFiles) = preSolution
		SpaceSharedPatching\SpaceSharedPatching.projitems*{014b4846-0e6c-4c73-b851-0a560d36aeee}*SharedItemsImports = 5
		SpaceShared\SpaceShared.projitems*{014b4846-0e6c-4c73-b851-0a560d36aeee}*SharedItemsImports = 5
		SpaceSharedPatching\SpaceSharedPatching.projitems*{023c7f23-485a-4efc-bc0b-37f0c0dea930}*SharedItemsImports = 5
		SpaceShared\SpaceShared.projitems*{023c7f23-485a-4efc-bc0b-37f0c0dea930}*SharedItemsImports = 5
		SpaceShared\SpaceShared.projitems*{03be86d2-dad8-4f43-aa94-9e27b654f449}*SharedItemsImports = 5
		SpaceSharedPatching\SpaceSharedPatching.projitems*{04bd21db-896a-4811-ae3d-de5b56e3ef44}*SharedItemsImports = 5
		SpaceShared\SpaceShared.projitems*{04bd21db-896a-4811-ae3d-de5b56e3ef44}*SharedItemsImports = 5
		SpaceShared\SpaceShared.projitems*{061610a4-7d02-4f52-a921-f59ed123c2a9}*SharedItemsImports = 13
		SpaceSharedPatching\SpaceSharedPatching.projitems*{06fa9172-30ef-41f6-95bc-175f61c8c669}*SharedItemsImports = 5
		SpaceShared\SpaceShared.projitems*{06fa9172-30ef-41f6-95bc-175f61c8c669}*SharedItemsImports = 5
		SpaceSharedPatching\SpaceSharedPatching.projitems*{0abed0cb-f0e2-4232-a0de-fd170537c7c8}*SharedItemsImports = 5
		SpaceShared\SpaceShared.projitems*{0abed0cb-f0e2-4232-a0de-fd170537c7c8}*SharedItemsImports = 5
		SpaceSharedPatching\SpaceSharedPatching.projitems*{100b0e56-6ff4-48ea-97b6-6102cb68931e}*SharedItemsImports = 5
		SpaceShared\SpaceShared.projitems*{100b0e56-6ff4-48ea-97b6-6102cb68931e}*SharedItemsImports = 5
		SpaceSharedPatching\SpaceSharedPatching.projitems*{13ab4923-b6de-4872-9bb3-49e4c18f937c}*SharedItemsImports = 5
		SpaceShared\SpaceShared.projitems*{13ab4923-b6de-4872-9bb3-49e4c18f937c}*SharedItemsImports = 5
		SpaceShared\SpaceShared.projitems*{157ad988-f4f3-4945-bc7e-f28181b39576}*SharedItemsImports = 5
		SpaceShared\SpaceShared.projitems*{16c65e62-e346-4aea-809a-36ebc0442607}*SharedItemsImports = 5
		SpaceShared\SpaceShared.projitems*{1c1289bd-f40b-4343-aa8a-4f151f887463}*SharedItemsImports = 5
		SpaceShared\SpaceShared.projitems*{1c3d86aa-c048-4798-bec5-07d7269cce53}*SharedItemsImports = 5
		SpaceShared\SpaceShared.projitems*{20e193c9-a779-494e-83f1-b2a920551b19}*SharedItemsImports = 5
		SpaceShared\SpaceShared.projitems*{273b7946-725e-4dcf-8a8c-0d9e5b2d2eec}*SharedItemsImports = 5
		SpaceShared\SpaceShared.projitems*{27983ca4-bc2e-4c12-bd06-60c6be031eb1}*SharedItemsImports = 5
		SpaceShared\SpaceShared.projitems*{34ab99b0-096e-4919-933c-a7a04d1e9f91}*SharedItemsImports = 5
		SpaceShared\SpaceShared.projitems*{34eac087-758b-4d03-b597-9623286f482d}*SharedItemsImports = 5
		SpaceSharedPatching\SpaceSharedPatching.projitems*{35253ca1-e09c-4078-8abb-c05880812f7b}*SharedItemsImports = 5
		SpaceShared\SpaceShared.projitems*{35253ca1-e09c-4078-8abb-c05880812f7b}*SharedItemsImports = 5
		SpaceSharedPatching\SpaceSharedPatching.projitems*{3762f270-268b-4dcc-8d07-6978304e46ea}*SharedItemsImports = 5
		SpaceShared\SpaceShared.projitems*{3762f270-268b-4dcc-8d07-6978304e46ea}*SharedItemsImports = 5
		SpaceSharedPatching\SpaceSharedPatching.projitems*{39ee1a29-bcbd-4ba5-867f-1439a9359b0e}*SharedItemsImports = 5
		SpaceShared\SpaceShared.projitems*{39ee1a29-bcbd-4ba5-867f-1439a9359b0e}*SharedItemsImports = 5
		SpaceShared\SpaceShared.projitems*{3aeb49fd-d27f-410a-8483-8bb6fc8e51c6}*SharedItemsImports = 5
		SpaceShared\SpaceShared.projitems*{3da3fb18-ac0c-40f4-b45b-5d13916d032a}*SharedItemsImports = 5
		SpaceShared\SpaceShared.projitems*{3f979f1d-6d46-45ee-9201-8a4e9864fcbf}*SharedItemsImports = 5
		SpaceSharedPatching\SpaceSharedPatching.projitems*{41bbd68d-b674-4ddc-b0a4-7e189f13873a}*SharedItemsImports = 5
		SpaceShared\SpaceShared.projitems*{41bbd68d-b674-4ddc-b0a4-7e189f13873a}*SharedItemsImports = 5
		SpaceSharedPatching\SpaceSharedPatching.projitems*{43ede3d9-2062-4f79-b581-708ffaf9d195}*SharedItemsImports = 5
		SpaceShared\SpaceShared.projitems*{43ede3d9-2062-4f79-b581-708ffaf9d195}*SharedItemsImports = 5
		SpaceSharedPatching\SpaceSharedPatching.projitems*{4c8538cc-9720-4b94-be88-f9e809b49268}*SharedItemsImports = 5
		SpaceShared\SpaceShared.projitems*{4c8538cc-9720-4b94-be88-f9e809b49268}*SharedItemsImports = 5
		SpaceShared\SpaceShared.projitems*{505f7d71-20b2-4010-ac06-79b1229a74c6}*SharedItemsImports = 5
		SpaceSharedPatching\SpaceSharedPatching.projitems*{5ad9a1bf-dc0c-4177-b362-de4706c99780}*SharedItemsImports = 5
		SpaceShared\SpaceShared.projitems*{5ad9a1bf-dc0c-4177-b362-de4706c99780}*SharedItemsImports = 5
		SpaceSharedPatching\SpaceSharedPatching.projitems*{5be81c98-3845-4dff-adab-e0b57cfd044b}*SharedItemsImports = 5
		SpaceShared\SpaceShared.projitems*{5be81c98-3845-4dff-adab-e0b57cfd044b}*SharedItemsImports = 5
		SpaceSharedPatching\SpaceSharedPatching.projitems*{5ecb259a-6e3c-46b7-980c-e71730b34c19}*SharedItemsImports = 5
		SpaceShared\SpaceShared.projitems*{5ecb259a-6e3c-46b7-980c-e71730b34c19}*SharedItemsImports = 5
		SpaceSharedPatching\SpaceSharedPatching.projitems*{6258e986-4e80-483e-a0b0-07a6a9789226}*SharedItemsImports = 5
		SpaceShared\SpaceShared.projitems*{6258e986-4e80-483e-a0b0-07a6a9789226}*SharedItemsImports = 5
		SpaceShared\SpaceShared.projitems*{695cda6a-9398-4d71-9432-9763cc510020}*SharedItemsImports = 5
		SpaceShared\SpaceShared.projitems*{6e9ba154-07eb-43c8-8e5a-94247ff28556}*SharedItemsImports = 5
		SpaceSharedPatching\SpaceSharedPatching.projitems*{6fa9a976-c843-405f-b7a1-fc6aa3e6faa7}*SharedItemsImports = 5
		SpaceShared\SpaceShared.projitems*{6fa9a976-c843-405f-b7a1-fc6aa3e6faa7}*SharedItemsImports = 5
		SpaceShared\SpaceShared.projitems*{7014c24c-a7b8-446a-8b13-eca54eea1f88}*SharedItemsImports = 5
		SpaceSharedPatching\SpaceSharedPatching.projitems*{7b0e3c65-34bf-48e0-99f1-7b28869f3f5b}*SharedItemsImports = 5
		SpaceShared\SpaceShared.projitems*{7b0e3c65-34bf-48e0-99f1-7b28869f3f5b}*SharedItemsImports = 5
		SpaceShared\SpaceShared.projitems*{7e4024e8-392d-4a65-a659-93e8cb261ffe}*SharedItemsImports = 5
		SpaceShared\SpaceShared.projitems*{8d7529f1-d6a7-4267-93a5-74115b598ec7}*SharedItemsImports = 5
		SpaceShared\SpaceShared.projitems*{9002aaed-277d-40f9-a6ac-91698952124c}*SharedItemsImports = 5
		SpaceSharedPatching\SpaceSharedPatching.projitems*{9495a8bb-cf71-4c86-9eb4-f03247fd0e54}*SharedItemsImports = 5
		SpaceShared\SpaceShared.projitems*{9495a8bb-cf71-4c86-9eb4-f03247fd0e54}*SharedItemsImports = 5
		SpaceSharedPatching\SpaceSharedPatching.projitems*{94c0b3eb-eb7f-4113-b634-4778f7523e7b}*SharedItemsImports = 5
		SpaceShared\SpaceShared.projitems*{94c0b3eb-eb7f-4113-b634-4778f7523e7b}*SharedItemsImports = 5
		SpaceShared\SpaceShared.projitems*{95e3b0c8-60b2-49cc-91a4-b8ea936681d4}*SharedItemsImports = 5
		SpaceShared\SpaceShared.projitems*{992be23f-a878-4788-8009-0aa9b099a707}*SharedItemsImports = 5
		SpaceSharedPatching\SpaceSharedPatching.projitems*{a20de2a2-91a8-41fd-8cb5-75d0b7ff20f9}*SharedItemsImports = 5
		SpaceShared\SpaceShared.projitems*{a20de2a2-91a8-41fd-8cb5-75d0b7ff20f9}*SharedItemsImports = 5
		SpaceShared\SpaceShared.projitems*{a534ca13-4195-468f-93a6-c579cca46058}*SharedItemsImports = 5
		SpaceSharedPatching\SpaceSharedPatching.projitems*{a87f5d49-6246-4b14-8363-114dc9335c2c}*SharedItemsImports = 13
		SpaceShared\SpaceShared.projitems*{ac01eb5c-16cb-4541-916a-b77be55df69a}*SharedItemsImports = 5
		SpaceSharedPatching\SpaceSharedPatching.projitems*{b0bb0171-260e-40fe-95dc-4377ce916ff0}*SharedItemsImports = 5
		SpaceShared\SpaceShared.projitems*{b0bb0171-260e-40fe-95dc-4377ce916ff0}*SharedItemsImports = 5
		SpaceSharedPatching\SpaceSharedPatching.projitems*{b0ef91ab-2dd6-4240-98d9-e965acf79f7c}*SharedItemsImports = 5
		SpaceShared\SpaceShared.projitems*{b0ef91ab-2dd6-4240-98d9-e965acf79f7c}*SharedItemsImports = 5
		SpaceShared\SpaceShared.projitems*{b6e809a4-263f-4912-905a-00175cfb8074}*SharedItemsImports = 5
		SpaceSharedPatching\SpaceSharedPatching.projitems*{ba657cb4-93ed-4c3a-a66e-86954beb4ce6}*SharedItemsImports = 5
		SpaceShared\SpaceShared.projitems*{ba657cb4-93ed-4c3a-a66e-86954beb4ce6}*SharedItemsImports = 5
		SpaceSharedPatching\SpaceSharedPatching.projitems*{bbfd98d1-255c-41ed-aa74-e965fed1ecb2}*SharedItemsImports = 5
		SpaceShared\SpaceShared.projitems*{bbfd98d1-255c-41ed-aa74-e965fed1ecb2}*SharedItemsImports = 5
		SpaceShared\SpaceShared.projitems*{be08ea2b-9860-4d20-b5b4-f3b2ff9da8ea}*SharedItemsImports = 5
		SpaceShared\SpaceShared.projitems*{c3d5972f-cb65-4c85-8e1c-55c78a99940a}*SharedItemsImports = 5
		SpaceSharedPatching\SpaceSharedPatching.projitems*{c5df0500-3462-4095-aef7-3abc5ebfa5ea}*SharedItemsImports = 5
		SpaceShared\SpaceShared.projitems*{c5df0500-3462-4095-aef7-3abc5ebfa5ea}*SharedItemsImports = 5
		SpaceShared\SpaceShared.projitems*{cb66640e-62e0-4efe-b2f2-5c06720275f3}*SharedItemsImports = 5
		SpaceSharedPatching\SpaceSharedPatching.projitems*{d93e668b-6c2a-470c-b9d3-ab86bd3a1e99}*SharedItemsImports = 5
		SpaceShared\SpaceShared.projitems*{d93e668b-6c2a-470c-b9d3-ab86bd3a1e99}*SharedItemsImports = 5
		SpaceShared\SpaceShared.projitems*{daae6853-63d4-40b1-9318-800291b1aa66}*SharedItemsImports = 5
		SpaceShared\SpaceShared.projitems*{e05a01c6-1543-4334-98dc-48e4d54afc90}*SharedItemsImports = 5
		SpaceShared\SpaceShared.projitems*{e1cbd6a1-f9d8-4faa-9d5d-bb1e49682fe6}*SharedItemsImports = 5
		SpaceShared\SpaceShared.projitems*{e3cda243-4e11-493b-96d8-35466abc5ac4}*SharedItemsImports = 5
		SpaceShared\SpaceShared.projitems*{ea954a5c-ab8b-466b-9434-3e7997b3e903}*SharedItemsImports = 5
		SpaceSharedPatching\SpaceSharedPatching.projitems*{eef5d802-f0a2-43b4-bd27-16b8262c4de4}*SharedItemsImports = 5
		SpaceShared\SpaceShared.projitems*{eef5d802-f0a2-43b4-bd27-16b8262c4de4}*SharedItemsImports = 5
		SpaceShared\SpaceShared.projitems*{effd6f85-4075-4a81-b468-c480434989ec}*SharedItemsImports = 5
		SpaceShared\SpaceShared.projitems*{f516d462-4a51-4414-bfa5-e82761af15e5}*SharedItemsImports = 5
		SpaceShared\SpaceShared.projitems*{f7d17474-6ed6-42cf-a79b-2a96319e1875}*SharedItemsImports = 5
		SpaceShared\SpaceShared.projitems*{f918b9a5-24ce-44f7-bcbb-0b6ffebc1f0a}*SharedItemsImports = 5
		SpaceShared\SpaceShared.projitems*{f97e01f6-8ce5-47dc-9a33-27094dd35c33}*SharedItemsImports = 5
		SpaceShared\SpaceShared.projitems*{fa089604-d8e4-4c3f-8e70-b090e17b5548}*SharedItemsImports = 5
	EndGlobalSection
	GlobalSection(SolutionConfigurationPlatforms) = preSolution
		Debug|Any CPU = Debug|Any CPU
		Release|Any CPU = Release|Any CPU
	EndGlobalSection
	GlobalSection(ProjectConfigurationPlatforms) = postSolution
		{CB66640E-62E0-4EFE-B2F2-5C06720275F3}.Debug|Any CPU.ActiveCfg = Debug|Any CPU
		{CB66640E-62E0-4EFE-B2F2-5C06720275F3}.Debug|Any CPU.Build.0 = Debug|Any CPU
		{CB66640E-62E0-4EFE-B2F2-5C06720275F3}.Release|Any CPU.ActiveCfg = Release|Any CPU
		{CB66640E-62E0-4EFE-B2F2-5C06720275F3}.Release|Any CPU.Build.0 = Release|Any CPU
		{BA657CB4-93ED-4C3A-A66E-86954BEB4CE6}.Debug|Any CPU.ActiveCfg = Debug|Any CPU
		{BA657CB4-93ED-4C3A-A66E-86954BEB4CE6}.Debug|Any CPU.Build.0 = Debug|Any CPU
		{BA657CB4-93ED-4C3A-A66E-86954BEB4CE6}.Release|Any CPU.ActiveCfg = Release|Any CPU
		{BA657CB4-93ED-4C3A-A66E-86954BEB4CE6}.Release|Any CPU.Build.0 = Release|Any CPU
		{3F979F1D-6D46-45EE-9201-8A4E9864FCBF}.Debug|Any CPU.ActiveCfg = Debug|Any CPU
		{3F979F1D-6D46-45EE-9201-8A4E9864FCBF}.Debug|Any CPU.Build.0 = Debug|Any CPU
		{3F979F1D-6D46-45EE-9201-8A4E9864FCBF}.Release|Any CPU.ActiveCfg = Release|Any CPU
		{3F979F1D-6D46-45EE-9201-8A4E9864FCBF}.Release|Any CPU.Build.0 = Release|Any CPU
		{5ECB259A-6E3C-46B7-980C-E71730B34C19}.Debug|Any CPU.ActiveCfg = Debug|Any CPU
		{5ECB259A-6E3C-46B7-980C-E71730B34C19}.Debug|Any CPU.Build.0 = Debug|Any CPU
		{5ECB259A-6E3C-46B7-980C-E71730B34C19}.Release|Any CPU.ActiveCfg = Release|Any CPU
		{5ECB259A-6E3C-46B7-980C-E71730B34C19}.Release|Any CPU.Build.0 = Release|Any CPU
		{992BE23F-A878-4788-8009-0AA9B099A707}.Debug|Any CPU.ActiveCfg = Debug|Any CPU
		{992BE23F-A878-4788-8009-0AA9B099A707}.Debug|Any CPU.Build.0 = Debug|Any CPU
		{992BE23F-A878-4788-8009-0AA9B099A707}.Release|Any CPU.ActiveCfg = Release|Any CPU
		{992BE23F-A878-4788-8009-0AA9B099A707}.Release|Any CPU.Build.0 = Release|Any CPU
		{35253CA1-E09C-4078-8ABB-C05880812F7B}.Debug|Any CPU.ActiveCfg = Debug|Any CPU
		{35253CA1-E09C-4078-8ABB-C05880812F7B}.Debug|Any CPU.Build.0 = Debug|Any CPU
		{35253CA1-E09C-4078-8ABB-C05880812F7B}.Release|Any CPU.ActiveCfg = Release|Any CPU
		{35253CA1-E09C-4078-8ABB-C05880812F7B}.Release|Any CPU.Build.0 = Release|Any CPU
		{FA089604-D8E4-4C3F-8E70-B090E17B5548}.Debug|Any CPU.ActiveCfg = Debug|Any CPU
		{FA089604-D8E4-4C3F-8E70-B090E17B5548}.Debug|Any CPU.Build.0 = Debug|Any CPU
		{FA089604-D8E4-4C3F-8E70-B090E17B5548}.Release|Any CPU.ActiveCfg = Release|Any CPU
		{FA089604-D8E4-4C3F-8E70-B090E17B5548}.Release|Any CPU.Build.0 = Release|Any CPU
		{A20DE2A2-91A8-41FD-8CB5-75D0B7FF20F9}.Debug|Any CPU.ActiveCfg = Debug|Any CPU
		{A20DE2A2-91A8-41FD-8CB5-75D0B7FF20F9}.Debug|Any CPU.Build.0 = Debug|Any CPU
		{A20DE2A2-91A8-41FD-8CB5-75D0B7FF20F9}.Release|Any CPU.ActiveCfg = Release|Any CPU
		{A20DE2A2-91A8-41FD-8CB5-75D0B7FF20F9}.Release|Any CPU.Build.0 = Release|Any CPU
		{C5DF0500-3462-4095-AEF7-3ABC5EBFA5EA}.Debug|Any CPU.ActiveCfg = Debug|Any CPU
		{C5DF0500-3462-4095-AEF7-3ABC5EBFA5EA}.Debug|Any CPU.Build.0 = Debug|Any CPU
		{C5DF0500-3462-4095-AEF7-3ABC5EBFA5EA}.Release|Any CPU.ActiveCfg = Release|Any CPU
		{C5DF0500-3462-4095-AEF7-3ABC5EBFA5EA}.Release|Any CPU.Build.0 = Release|Any CPU
		{5AD9A1BF-DC0C-4177-B362-DE4706C99780}.Debug|Any CPU.ActiveCfg = Debug|Any CPU
		{5AD9A1BF-DC0C-4177-B362-DE4706C99780}.Debug|Any CPU.Build.0 = Debug|Any CPU
		{5AD9A1BF-DC0C-4177-B362-DE4706C99780}.Release|Any CPU.ActiveCfg = Release|Any CPU
		{5AD9A1BF-DC0C-4177-B362-DE4706C99780}.Release|Any CPU.Build.0 = Release|Any CPU
		{41BBD68D-B674-4DDC-B0A4-7E189F13873A}.Debug|Any CPU.ActiveCfg = Debug|Any CPU
		{41BBD68D-B674-4DDC-B0A4-7E189F13873A}.Debug|Any CPU.Build.0 = Debug|Any CPU
		{41BBD68D-B674-4DDC-B0A4-7E189F13873A}.Release|Any CPU.ActiveCfg = Release|Any CPU
		{41BBD68D-B674-4DDC-B0A4-7E189F13873A}.Release|Any CPU.Build.0 = Release|Any CPU
		{100B0E56-6FF4-48EA-97B6-6102CB68931E}.Debug|Any CPU.ActiveCfg = Debug|Any CPU
		{100B0E56-6FF4-48EA-97B6-6102CB68931E}.Debug|Any CPU.Build.0 = Debug|Any CPU
		{100B0E56-6FF4-48EA-97B6-6102CB68931E}.Release|Any CPU.ActiveCfg = Release|Any CPU
		{100B0E56-6FF4-48EA-97B6-6102CB68931E}.Release|Any CPU.Build.0 = Release|Any CPU
		{E3CDA243-4E11-493B-96D8-35466ABC5AC4}.Debug|Any CPU.ActiveCfg = Debug|Any CPU
		{E3CDA243-4E11-493B-96D8-35466ABC5AC4}.Debug|Any CPU.Build.0 = Debug|Any CPU
		{E3CDA243-4E11-493B-96D8-35466ABC5AC4}.Release|Any CPU.ActiveCfg = Release|Any CPU
		{E3CDA243-4E11-493B-96D8-35466ABC5AC4}.Release|Any CPU.Build.0 = Release|Any CPU
		{39EE1A29-BCBD-4BA5-867F-1439A9359B0E}.Debug|Any CPU.ActiveCfg = Debug|Any CPU
		{39EE1A29-BCBD-4BA5-867F-1439A9359B0E}.Debug|Any CPU.Build.0 = Debug|Any CPU
		{39EE1A29-BCBD-4BA5-867F-1439A9359B0E}.Release|Any CPU.ActiveCfg = Release|Any CPU
		{39EE1A29-BCBD-4BA5-867F-1439A9359B0E}.Release|Any CPU.Build.0 = Release|Any CPU
		{43EDE3D9-2062-4F79-B581-708FFAF9D195}.Debug|Any CPU.ActiveCfg = Debug|Any CPU
		{43EDE3D9-2062-4F79-B581-708FFAF9D195}.Debug|Any CPU.Build.0 = Debug|Any CPU
		{43EDE3D9-2062-4F79-B581-708FFAF9D195}.Release|Any CPU.ActiveCfg = Release|Any CPU
		{43EDE3D9-2062-4F79-B581-708FFAF9D195}.Release|Any CPU.Build.0 = Release|Any CPU
		{F7D17474-6ED6-42CF-A79B-2A96319E1875}.Debug|Any CPU.ActiveCfg = Debug|Any CPU
		{F7D17474-6ED6-42CF-A79B-2A96319E1875}.Debug|Any CPU.Build.0 = Debug|Any CPU
		{F7D17474-6ED6-42CF-A79B-2A96319E1875}.Release|Any CPU.ActiveCfg = Release|Any CPU
		{F7D17474-6ED6-42CF-A79B-2A96319E1875}.Release|Any CPU.Build.0 = Release|Any CPU
		{34AB99B0-096E-4919-933C-A7A04D1E9F91}.Debug|Any CPU.ActiveCfg = Debug|Any CPU
		{34AB99B0-096E-4919-933C-A7A04D1E9F91}.Debug|Any CPU.Build.0 = Debug|Any CPU
		{34AB99B0-096E-4919-933C-A7A04D1E9F91}.Release|Any CPU.ActiveCfg = Release|Any CPU
		{34AB99B0-096E-4919-933C-A7A04D1E9F91}.Release|Any CPU.Build.0 = Release|Any CPU
		{695CDA6A-9398-4D71-9432-9763CC510020}.Debug|Any CPU.ActiveCfg = Debug|Any CPU
		{695CDA6A-9398-4D71-9432-9763CC510020}.Debug|Any CPU.Build.0 = Debug|Any CPU
		{695CDA6A-9398-4D71-9432-9763CC510020}.Release|Any CPU.ActiveCfg = Release|Any CPU
		{695CDA6A-9398-4D71-9432-9763CC510020}.Release|Any CPU.Build.0 = Release|Any CPU
		{3DA3FB18-AC0C-40F4-B45B-5D13916D032A}.Debug|Any CPU.ActiveCfg = Debug|Any CPU
		{3DA3FB18-AC0C-40F4-B45B-5D13916D032A}.Debug|Any CPU.Build.0 = Debug|Any CPU
		{3DA3FB18-AC0C-40F4-B45B-5D13916D032A}.Release|Any CPU.ActiveCfg = Release|Any CPU
		{3DA3FB18-AC0C-40F4-B45B-5D13916D032A}.Release|Any CPU.Build.0 = Release|Any CPU
	EndGlobalSection
	GlobalSection(SolutionProperties) = preSolution
		HideSolutionNode = FALSE
	EndGlobalSection
	GlobalSection(NestedProjects) = preSolution
		{CB66640E-62E0-4EFE-B2F2-5C06720275F3} = {88541912-D5C2-4322-8079-4A949DF04384}
		{061610A4-7D02-4F52-A921-F59ED123C2A9} = {DED81BB3-A571-46E2-91C2-6A8B7890C7EA}
		{3F979F1D-6D46-45EE-9201-8A4E9864FCBF} = {8FEFBE16-BBBC-4EA0-829E-E5DCF15F0DFA}
		{5ECB259A-6E3C-46B7-980C-E71730B34C19} = {8FEFBE16-BBBC-4EA0-829E-E5DCF15F0DFA}
		{992BE23F-A878-4788-8009-0AA9B099A707} = {8FEFBE16-BBBC-4EA0-829E-E5DCF15F0DFA}
		{35253CA1-E09C-4078-8ABB-C05880812F7B} = {8FEFBE16-BBBC-4EA0-829E-E5DCF15F0DFA}
		{FA089604-D8E4-4C3F-8E70-B090E17B5548} = {8FEFBE16-BBBC-4EA0-829E-E5DCF15F0DFA}
		{A20DE2A2-91A8-41FD-8CB5-75D0B7FF20F9} = {8FEFBE16-BBBC-4EA0-829E-E5DCF15F0DFA}
		{C5DF0500-3462-4095-AEF7-3ABC5EBFA5EA} = {8FEFBE16-BBBC-4EA0-829E-E5DCF15F0DFA}
		{5AD9A1BF-DC0C-4177-B362-DE4706C99780} = {8FEFBE16-BBBC-4EA0-829E-E5DCF15F0DFA}
		{41BBD68D-B674-4DDC-B0A4-7E189F13873A} = {8FEFBE16-BBBC-4EA0-829E-E5DCF15F0DFA}
		{A87F5D49-6246-4B14-8363-114DC9335C2C} = {DED81BB3-A571-46E2-91C2-6A8B7890C7EA}
		{E3CDA243-4E11-493B-96D8-35466ABC5AC4} = {8FEFBE16-BBBC-4EA0-829E-E5DCF15F0DFA}
		{39EE1A29-BCBD-4BA5-867F-1439A9359B0E} = {8FEFBE16-BBBC-4EA0-829E-E5DCF15F0DFA}
		{43EDE3D9-2062-4F79-B581-708FFAF9D195} = {8FEFBE16-BBBC-4EA0-829E-E5DCF15F0DFA}
		{34AB99B0-096E-4919-933C-A7A04D1E9F91} = {8FEFBE16-BBBC-4EA0-829E-E5DCF15F0DFA}
		{695CDA6A-9398-4D71-9432-9763CC510020} = {8FEFBE16-BBBC-4EA0-829E-E5DCF15F0DFA}
	EndGlobalSection
	GlobalSection(ExtensibilityGlobals) = postSolution
		SolutionGuid = {38EB01DD-BAE8-4977-9815-463F5F434FBF}
	EndGlobalSection
EndGlobal
