
Microsoft Visual Studio Solution File, Format Version 12.00
# Visual Studio Version 17
VisualStudioVersion = 17.0.32014.148
MinimumVisualStudioVersion = 10.0.40219.1
Project("{2150E333-8FDC-42A3-9474-1A3956D46DE8}") = "_root", "_root", "{622B2762-903D-417C-8E20-810F9ED2731F}"
	ProjectSection(SolutionItems) = preProject
		.editorconfig = .editorconfig
		.gitattributes = .gitattributes
		.gitignore = .gitignore
		common-unreleased.targets = common-unreleased.targets
		common.targets = common.targets
		LICENSE = LICENSE
		README.md = README.md
	EndProjectSection
EndProject
Project("{9A19103F-16F7-4668-BE54-9A1E7A4F7556}") = "SpaceCore", "SpaceCore\SpaceCore.csproj", "{BA657CB4-93ED-4C3A-A66E-86954BEB4CE6}"
EndProject
Project("{D954291E-2A0B-460D-934E-DC6B0785DB48}") = "SpaceShared", "SpaceShared\SpaceShared.shproj", "{061610A4-7D02-4F52-A921-F59ED123C2A9}"
EndProject
Project("{2150E333-8FDC-42A3-9474-1A3956D46DE8}") = "deprecated mods", "deprecated mods", "{88541912-D5C2-4322-8079-4A949DF04384}"
EndProject
Project("{2150E333-8FDC-42A3-9474-1A3956D46DE8}") = "unreleased mods", "unreleased mods", "{8FEFBE16-BBBC-4EA0-829E-E5DCF15F0DFA}"
EndProject
Project("{2150E333-8FDC-42A3-9474-1A3956D46DE8}") = "internal", "internal", "{DED81BB3-A571-46E2-91C2-6A8B7890C7EA}"
EndProject
Project("{D954291E-2A0B-460D-934E-DC6B0785DB48}") = "SpaceSharedPatching", "SpaceSharedPatching\SpaceSharedPatching.shproj", "{A87F5D49-6246-4B14-8363-114DC9335C2C}"
EndProject
Project("{9A19103F-16F7-4668-BE54-9A1E7A4F7556}") = "DynamicGameAssets", "DynamicGameAssets\DynamicGameAssets.csproj", "{100B0E56-6FF4-48EA-97B6-6102CB68931E}"
EndProject
Project("{9A19103F-16F7-4668-BE54-9A1E7A4F7556}") = "ContentPatcherEditor", "ContentPatcherEditor\ContentPatcherEditor.csproj", "{34AB99B0-096E-4919-933C-A7A04D1E9F91}"
EndProject
Project("{9A19103F-16F7-4668-BE54-9A1E7A4F7556}") = "Custom_Crops", "Custom_Crops\Custom_Crops.csproj", "{695CDA6A-9398-4D71-9432-9763CC510020}"
EndProject
Project("{FAE04EC0-301F-11D3-BF4B-00C04F79EFBC}") = "NewGamePlus", "NewGamePlus\NewGamePlus.csproj", "{3DA3FB18-AC0C-40F4-B45B-5D13916D032A}"
EndProject
Project("{9344BDBB-3E7F-41FC-A0DD-8665D75EE146}") = "CustomizeExterior", "CustomizeExterior\CustomizeExterior.csproj", "{185597A0-745D-4DA4-A9B5-0EF67BD3F42F}"
EndProject
Project("{9344BDBB-3E7F-41FC-A0DD-8665D75EE146}") = "Terraforming", "Terraforming\Terraforming.csproj", "{7A27267F-7F30-452B-A51C-4E8994F51345}"
EndProject
Project("{9344BDBB-3E7F-41FC-A0DD-8665D75EE146}") = "CustomBuildings", "CustomBuildings\CustomBuildings.csproj", "{DDF4432C-1EA8-4B41-A004-995E446CBE87}"
EndProject
Project("{9344BDBB-3E7F-41FC-A0DD-8665D75EE146}") = "CaveFarm", "CaveFarm\CaveFarm.csproj", "{0E35D2E7-F8AD-4B49-BD5D-01F95B387446}"
EndProject
Project("{9344BDBB-3E7F-41FC-A0DD-8665D75EE146}") = "RaftRestoration", "RaftRestoration\RaftRestoration.csproj", "{B0DE674A-8A8F-4542-B695-EFDFA3B44E5A}"
EndProject
Project("{9344BDBB-3E7F-41FC-A0DD-8665D75EE146}") = "ArcadeRoom", "ArcadeRoom\ArcadeRoom.csproj", "{C51D771B-0643-4AB3-BC29-3DA9CE1453DB}"
EndProject
Project("{9344BDBB-3E7F-41FC-A0DD-8665D75EE146}") = "LocationLayerTool", "LocationLayerTool\LocationLayerTool.csproj", "{E5502E2E-182B-4C95-A426-418AC5440052}"
EndProject
Project("{9344BDBB-3E7F-41FC-A0DD-8665D75EE146}") = "BuildableLocationsFramework", "BuildableLocationsFramework\BuildableLocationsFramework.csproj", "{A171DE24-73F4-4BA0-9E3D-64326498D202}"
EndProject
Project("{9344BDBB-3E7F-41FC-A0DD-8665D75EE146}") = "BiggerJunimoChest", "BiggerJunimoChest\BiggerJunimoChest.csproj", "{08544E3A-D03B-4C1E-A0FC-4653054A1943}"
EndProject
Project("{9344BDBB-3E7F-41FC-A0DD-8665D75EE146}") = "MoreEnchantments", "MoreEnchantments\MoreEnchantments.csproj", "{341CDBE2-C920-4E58-AA16-0E0A7D1DFD20}"
EndProject
Project("{9344BDBB-3E7F-41FC-A0DD-8665D75EE146}") = "JA_to_DGA", "JA_to_DGA\JA_to_DGA.csproj", "{8BBE5922-AA02-448F-A412-3FF5F0990514}"
EndProject
Project("{9344BDBB-3E7F-41FC-A0DD-8665D75EE146}") = "PicturePortraits", "PicturePortraits\PicturePortraits.csproj", "{5003390C-6E20-4422-B42F-7CD604FC2F2B}"
EndProject
Project("{9344BDBB-3E7F-41FC-A0DD-8665D75EE146}") = "MisappliedPhysicalities", "MisappliedPhysicalities\MisappliedPhysicalities.csproj", "{1B6E793E-6725-4B70-9E92-C63B0E04A511}"
EndProject
Project("{9344BDBB-3E7F-41FC-A0DD-8665D75EE146}") = "MonstersTheFramework", "MonstersTheFramework\MonstersTheFramework.csproj", "{6BD9D10A-A910-4312-B1D4-FB3EC946DD37}"
EndProject
Project("{9344BDBB-3E7F-41FC-A0DD-8665D75EE146}") = "AnimalSocialMenu", "AnimalSocialMenu\AnimalSocialMenu.csproj", "{40901734-7346-45DF-BCF9-8A336A4E850B}"
EndProject
Project("{9344BDBB-3E7F-41FC-A0DD-8665D75EE146}") = "AnotherHungerMod", "AnotherHungerMod\AnotherHungerMod.csproj", "{A3E2D87F-BAA8-481F-9BC9-78EDFA218A0B}"
EndProject
Project("{9344BDBB-3E7F-41FC-A0DD-8665D75EE146}") = "BetterMeteorites", "BetterMeteorites\BetterMeteorites.csproj", "{D1E29C30-4EBF-4F0F-89B4-480184B0A28F}"
EndProject
Project("{9344BDBB-3E7F-41FC-A0DD-8665D75EE146}") = "BetterShopMenu", "BetterShopMenu\BetterShopMenu.csproj", "{53150D34-E50C-425A-ABC2-1284F82A2D40}"
EndProject
Project("{9344BDBB-3E7F-41FC-A0DD-8665D75EE146}") = "BugNet", "BugNet\BugNet.csproj", "{53CFF14D-12E4-490A-8F7B-E9BA92DC2464}"
EndProject
Project("{9344BDBB-3E7F-41FC-A0DD-8665D75EE146}") = "CarryChest", "CarryChest\CarryChest.csproj", "{B2AA7939-913B-4F70-8A5C-C06582DC0429}"
EndProject
Project("{9344BDBB-3E7F-41FC-A0DD-8665D75EE146}") = "CombatLevelDamageScaler", "CombatLevelDamageScaler\CombatLevelDamageScaler.csproj", "{D3ECAEA8-4B0D-4706-B5F5-E841E565679E}"
EndProject
Project("{9344BDBB-3E7F-41FC-A0DD-8665D75EE146}") = "ConsoleCode", "ConsoleCode\ConsoleCode.csproj", "{DAA8FDE4-8B9E-4EF0-BBBB-F32B37BB8520}"
EndProject
Project("{9344BDBB-3E7F-41FC-A0DD-8665D75EE146}") = "ContentPatcherAnimations", "ContentPatcherAnimations\ContentPatcherAnimations.csproj", "{E5DF8B98-84F2-4469-8275-AE72858F6A8C}"
EndProject
Project("{9344BDBB-3E7F-41FC-A0DD-8665D75EE146}") = "CookingSkill", "CookingSkill\CookingSkill.csproj", "{62B22A37-2EBD-4554-9D31-DEF564984381}"
EndProject
Project("{9344BDBB-3E7F-41FC-A0DD-8665D75EE146}") = "CustomCritters", "CustomCritters\CustomCritters.csproj", "{A21E2508-A52E-4D60-9481-EC50D3EAAB21}"
EndProject
Project("{9344BDBB-3E7F-41FC-A0DD-8665D75EE146}") = "CustomNPCFixes", "CustomNPCFixes\CustomNPCFixes.csproj", "{6BFEC55B-7981-4D57-B680-AE70C55CBD17}"
EndProject
Project("{9344BDBB-3E7F-41FC-A0DD-8665D75EE146}") = "ExperienceBars", "ExperienceBars\ExperienceBars.csproj", "{E822EF2A-08B0-4C83-AA4F-7B58AAB46948}"
EndProject
Project("{9344BDBB-3E7F-41FC-A0DD-8665D75EE146}") = "ExtendedReach", "ExtendedReach\ExtendedReach.csproj", "{87C8F99D-01DC-4EB4-A863-F191776C6508}"
EndProject
Project("{9344BDBB-3E7F-41FC-A0DD-8665D75EE146}") = "FlowerColorPicker", "FlowerColorPicker\FlowerColorPicker.csproj", "{E4CDDC53-A475-4B84-8A17-267A46D533A1}"
EndProject
Project("{9344BDBB-3E7F-41FC-A0DD-8665D75EE146}") = "GenericModConfigMenu", "GenericModConfigMenu\GenericModConfigMenu.csproj", "{78EB91B4-456F-4DA1-87FB-098BFC184B80}"
EndProject
Project("{9344BDBB-3E7F-41FC-A0DD-8665D75EE146}") = "JsonAssets", "JsonAssets\JsonAssets.csproj", "{10554577-7F17-42FC-9449-8F1D2B14B0BF}"
EndProject
Project("{9344BDBB-3E7F-41FC-A0DD-8665D75EE146}") = "JumpOver", "JumpOver\JumpOver.csproj", "{998EA5D2-3667-4E9B-B241-81DC00034939}"
EndProject
Project("{9344BDBB-3E7F-41FC-A0DD-8665D75EE146}") = "LuckSkill", "LuckSkill\LuckSkill.csproj", "{79935039-5811-43F8-B534-26AA95CF2691}"
EndProject
Project("{9344BDBB-3E7F-41FC-A0DD-8665D75EE146}") = "Magic", "Magic\Magic.csproj", "{02B39690-6068-496C-8EDF-C36EB8D436E2}"
EndProject
Project("{9344BDBB-3E7F-41FC-A0DD-8665D75EE146}") = "MoreBuildings", "MoreBuildings\MoreBuildings.csproj", "{AF1DCFDF-98FB-4D25-AD89-C9BFA9C55EE2}"
EndProject
Project("{9344BDBB-3E7F-41FC-A0DD-8665D75EE146}") = "MoreGrassStarters", "MoreGrassStarters\MoreGrassStarters.csproj", "{1CCF65D4-570B-4A1D-8053-CACE12EABB4D}"
EndProject
Project("{9344BDBB-3E7F-41FC-A0DD-8665D75EE146}") = "MoreRings", "MoreRings\MoreRings.csproj", "{1E22261F-23DE-4F73-8153-52D02886C52A}"
EndProject
Project("{9344BDBB-3E7F-41FC-A0DD-8665D75EE146}") = "ObjectTimeLeft", "ObjectTimeLeft\ObjectTimeLeft.csproj", "{6FFF2B7B-0B8A-46AE-85DF-4DE5A0FB156E}"
EndProject
Project("{9344BDBB-3E7F-41FC-A0DD-8665D75EE146}") = "ProfitCalculator", "ProfitCalculator\ProfitCalculator.csproj", "{65140546-A04C-40E2-80E5-5A3CDE15C109}"
EndProject
Project("{9344BDBB-3E7F-41FC-A0DD-8665D75EE146}") = "RushOrders", "RushOrders\RushOrders.csproj", "{8D8F69B6-D42B-4777-9460-A8D715E69BB3}"
EndProject
Project("{9344BDBB-3E7F-41FC-A0DD-8665D75EE146}") = "SleepyEye", "SleepyEye\SleepyEye.csproj", "{5D02972C-59D6-400E-A6E5-90D57239D082}"
EndProject
Project("{9344BDBB-3E7F-41FC-A0DD-8665D75EE146}") = "Spenny", "Spenny\Spenny.csproj", "{714A6B34-7262-4E7A-BA7B-11C540C4477E}"
EndProject
Project("{9344BDBB-3E7F-41FC-A0DD-8665D75EE146}") = "TheftOfTheWinterStar", "TheftOfTheWinterStar\TheftOfTheWinterStar.csproj", "{F88691B8-6ECD-49FA-BE9F-9A8E6CCEAEE6}"
EndProject
Project("{9344BDBB-3E7F-41FC-A0DD-8665D75EE146}") = "ThreeHeartDancePartner", "ThreeHeartDancePartner\ThreeHeartDancePartner.csproj", "{26D2A34D-2DCB-40E3-A9B6-A7992165B5D1}"
EndProject
Project("{9344BDBB-3E7F-41FC-A0DD-8665D75EE146}") = "ThrowableAxe", "ThrowableAxe\ThrowableAxe.csproj", "{4517537A-78C6-45ED-AB8D-C0017C96DC64}"
EndProject
Project("{9344BDBB-3E7F-41FC-A0DD-8665D75EE146}") = "MoreGiantCrops", "MoreGiantCrops\MoreGiantCrops.csproj", "{6A84F542-C126-42C0-B181-4A678A630EF7}"
EndProject
Project("{9344BDBB-3E7F-41FC-A0DD-8665D75EE146}") = "FlowerRain", "FlowerRain\FlowerRain.csproj", "{6D1D06D5-F0CF-4327-8D88-3C932613E74B}"
EndProject
Project("{9344BDBB-3E7F-41FC-A0DD-8665D75EE146}") = "ManaBar", "ManaBar\ManaBar.csproj", "{37B877FE-0E52-41DA-A90B-5F1103BD757C}"
EndProject
Project("{9344BDBB-3E7F-41FC-A0DD-8665D75EE146}") = "JunimosAcceptCash", "JunimosAcceptCash\JunimosAcceptCash.csproj", "{3D72215D-DEF6-465E-99A9-3D4F11F1E6C8}"
EndProject
Project("{9344BDBB-3E7F-41FC-A0DD-8665D75EE146}") = "HybridCropEngine", "HybridCropEngine\HybridCropEngine.csproj", "{628FD24D-D977-4554-BD57-EC5E95998D15}"
EndProject
Project("{9344BDBB-3E7F-41FC-A0DD-8665D75EE146}") = "StatueOfGenerosity", "StatueOfGenerosity\StatueOfGenerosity.csproj", "{F0089DF1-E613-4F20-98CC-3D6F2D552FA0}"
EndProject
Project("{9344BDBB-3E7F-41FC-A0DD-8665D75EE146}") = "BiggerCraftables", "BiggerCraftables\BiggerCraftables.csproj", "{018716B1-7D15-47EF-8850-531FA136987C}"
EndProject
Project("{9344BDBB-3E7F-41FC-A0DD-8665D75EE146}") = "SurfingFestival", "SurfingFestival\SurfingFestival.csproj", "{FDED50C7-06FC-436F-BCAF-01C37D2F04D9}"
EndProject
Project("{9344BDBB-3E7F-41FC-A0DD-8665D75EE146}") = "PyromancersJourney", "PyromancersJourney\PyromancersJourney.csproj", "{88042341-5C4A-42F8-A264-597EB0DB69D2}"
EndProject
Project("{9344BDBB-3E7F-41FC-A0DD-8665D75EE146}") = "MultiFertilizer", "MultiFertilizer\MultiFertilizer.csproj", "{CAD58AFF-C1D8-4F95-8CEA-50C952D36320}"
EndProject
Project("{9344BDBB-3E7F-41FC-A0DD-8665D75EE146}") = "Displays", "Displays\Displays.csproj", "{32E95A96-00CD-414F-9F08-94151C330D5D}"
EndProject
Project("{9344BDBB-3E7F-41FC-A0DD-8665D75EE146}") = "CapstoneProfessions", "CapstoneProfessions\CapstoneProfessions.csproj", "{78EC850F-6C56-49C6-ADFA-A8C067321E91}"
EndProject
Project("{9344BDBB-3E7F-41FC-A0DD-8665D75EE146}") = "PreexistingRelationship", "PreexistingRelationship\PreexistingRelationship.csproj", "{77647483-1535-444A-9A1C-823B558D773D}"
EndProject
Project("{9344BDBB-3E7F-41FC-A0DD-8665D75EE146}") = "RealtimeMinimap", "RealtimeMinimap\RealtimeMinimap.csproj", "{D85CEC4D-D866-44A8-8140-D303692647A6}"
EndProject
Project("{9344BDBB-3E7F-41FC-A0DD-8665D75EE146}") = "SuperHopper", "SuperHopper\SuperHopper.csproj", "{D44E66B0-EDDE-4D52-952E-73BC4FB89391}"
EndProject
Project("{9344BDBB-3E7F-41FC-A0DD-8665D75EE146}") = "DGAAutomate", "DGAAutomate\DGAAutomate.csproj", "{D43332A3-7EEC-4988-AC8A-1F47024A7B6B}"
EndProject
Project("{9344BDBB-3E7F-41FC-A0DD-8665D75EE146}") = "MoonMisadventures", "MoonMisadventures\MoonMisadventures.csproj", "{D7ECED71-E124-4E3F-BFD3-B6312C695B90}"
EndProject
Project("{9344BDBB-3E7F-41FC-A0DD-8665D75EE146}") = "ContentCode", "ContentCode\ContentCode.csproj", "{40219B9C-B717-4D2C-9DA7-41D788D53838}"
EndProject
Global
	GlobalSection(SharedMSBuildProjectFiles) = preSolution
		SpaceSharedPatching\SpaceSharedPatching.projitems*{014b4846-0e6c-4c73-b851-0a560d36aeee}*SharedItemsImports = 5
		SpaceShared\SpaceShared.projitems*{014b4846-0e6c-4c73-b851-0a560d36aeee}*SharedItemsImports = 5
		SpaceSharedPatching\SpaceSharedPatching.projitems*{023c7f23-485a-4efc-bc0b-37f0c0dea930}*SharedItemsImports = 5
		SpaceShared\SpaceShared.projitems*{023c7f23-485a-4efc-bc0b-37f0c0dea930}*SharedItemsImports = 5
		SpaceShared\SpaceShared.projitems*{03be86d2-dad8-4f43-aa94-9e27b654f449}*SharedItemsImports = 5
		SpaceSharedPatching\SpaceSharedPatching.projitems*{04bd21db-896a-4811-ae3d-de5b56e3ef44}*SharedItemsImports = 5
		SpaceShared\SpaceShared.projitems*{04bd21db-896a-4811-ae3d-de5b56e3ef44}*SharedItemsImports = 5
		SpaceShared\SpaceShared.projitems*{061610a4-7d02-4f52-a921-f59ed123c2a9}*SharedItemsImports = 13
		SpaceSharedPatching\SpaceSharedPatching.projitems*{06fa9172-30ef-41f6-95bc-175f61c8c669}*SharedItemsImports = 5
		SpaceShared\SpaceShared.projitems*{06fa9172-30ef-41f6-95bc-175f61c8c669}*SharedItemsImports = 5
		SpaceSharedPatching\SpaceSharedPatching.projitems*{0abed0cb-f0e2-4232-a0de-fd170537c7c8}*SharedItemsImports = 5
		SpaceShared\SpaceShared.projitems*{0abed0cb-f0e2-4232-a0de-fd170537c7c8}*SharedItemsImports = 5
		SpaceSharedPatching\SpaceSharedPatching.projitems*{100b0e56-6ff4-48ea-97b6-6102cb68931e}*SharedItemsImports = 5
		SpaceShared\SpaceShared.projitems*{100b0e56-6ff4-48ea-97b6-6102cb68931e}*SharedItemsImports = 5
		SpaceSharedPatching\SpaceSharedPatching.projitems*{13ab4923-b6de-4872-9bb3-49e4c18f937c}*SharedItemsImports = 5
		SpaceShared\SpaceShared.projitems*{13ab4923-b6de-4872-9bb3-49e4c18f937c}*SharedItemsImports = 5
		SpaceShared\SpaceShared.projitems*{157ad988-f4f3-4945-bc7e-f28181b39576}*SharedItemsImports = 5
		SpaceShared\SpaceShared.projitems*{16c65e62-e346-4aea-809a-36ebc0442607}*SharedItemsImports = 5
		SpaceShared\SpaceShared.projitems*{1c1289bd-f40b-4343-aa8a-4f151f887463}*SharedItemsImports = 5
		SpaceShared\SpaceShared.projitems*{1c3d86aa-c048-4798-bec5-07d7269cce53}*SharedItemsImports = 5
		SpaceShared\SpaceShared.projitems*{20e193c9-a779-494e-83f1-b2a920551b19}*SharedItemsImports = 5
		SpaceShared\SpaceShared.projitems*{273b7946-725e-4dcf-8a8c-0d9e5b2d2eec}*SharedItemsImports = 5
		SpaceShared\SpaceShared.projitems*{27983ca4-bc2e-4c12-bd06-60c6be031eb1}*SharedItemsImports = 5
		SpaceShared\SpaceShared.projitems*{34ab99b0-096e-4919-933c-a7a04d1e9f91}*SharedItemsImports = 5
		SpaceShared\SpaceShared.projitems*{34eac087-758b-4d03-b597-9623286f482d}*SharedItemsImports = 5
		SpaceSharedPatching\SpaceSharedPatching.projitems*{35253ca1-e09c-4078-8abb-c05880812f7b}*SharedItemsImports = 5
		SpaceShared\SpaceShared.projitems*{35253ca1-e09c-4078-8abb-c05880812f7b}*SharedItemsImports = 5
		SpaceSharedPatching\SpaceSharedPatching.projitems*{3762f270-268b-4dcc-8d07-6978304e46ea}*SharedItemsImports = 5
		SpaceShared\SpaceShared.projitems*{3762f270-268b-4dcc-8d07-6978304e46ea}*SharedItemsImports = 5
		SpaceSharedPatching\SpaceSharedPatching.projitems*{39ee1a29-bcbd-4ba5-867f-1439a9359b0e}*SharedItemsImports = 5
		SpaceShared\SpaceShared.projitems*{39ee1a29-bcbd-4ba5-867f-1439a9359b0e}*SharedItemsImports = 5
		SpaceShared\SpaceShared.projitems*{3aeb49fd-d27f-410a-8483-8bb6fc8e51c6}*SharedItemsImports = 5
		SpaceShared\SpaceShared.projitems*{3da3fb18-ac0c-40f4-b45b-5d13916d032a}*SharedItemsImports = 5
		SpaceShared\SpaceShared.projitems*{3f979f1d-6d46-45ee-9201-8a4e9864fcbf}*SharedItemsImports = 5
		SpaceSharedPatching\SpaceSharedPatching.projitems*{41bbd68d-b674-4ddc-b0a4-7e189f13873a}*SharedItemsImports = 5
		SpaceShared\SpaceShared.projitems*{41bbd68d-b674-4ddc-b0a4-7e189f13873a}*SharedItemsImports = 5
		SpaceSharedPatching\SpaceSharedPatching.projitems*{43ede3d9-2062-4f79-b581-708ffaf9d195}*SharedItemsImports = 5
		SpaceShared\SpaceShared.projitems*{43ede3d9-2062-4f79-b581-708ffaf9d195}*SharedItemsImports = 5
		SpaceSharedPatching\SpaceSharedPatching.projitems*{4c8538cc-9720-4b94-be88-f9e809b49268}*SharedItemsImports = 5
		SpaceShared\SpaceShared.projitems*{4c8538cc-9720-4b94-be88-f9e809b49268}*SharedItemsImports = 5
		SpaceShared\SpaceShared.projitems*{505f7d71-20b2-4010-ac06-79b1229a74c6}*SharedItemsImports = 5
		SpaceSharedPatching\SpaceSharedPatching.projitems*{5ad9a1bf-dc0c-4177-b362-de4706c99780}*SharedItemsImports = 5
		SpaceShared\SpaceShared.projitems*{5ad9a1bf-dc0c-4177-b362-de4706c99780}*SharedItemsImports = 5
		SpaceSharedPatching\SpaceSharedPatching.projitems*{5be81c98-3845-4dff-adab-e0b57cfd044b}*SharedItemsImports = 5
		SpaceShared\SpaceShared.projitems*{5be81c98-3845-4dff-adab-e0b57cfd044b}*SharedItemsImports = 5
		SpaceSharedPatching\SpaceSharedPatching.projitems*{5ecb259a-6e3c-46b7-980c-e71730b34c19}*SharedItemsImports = 5
		SpaceShared\SpaceShared.projitems*{5ecb259a-6e3c-46b7-980c-e71730b34c19}*SharedItemsImports = 5
		SpaceSharedPatching\SpaceSharedPatching.projitems*{6258e986-4e80-483e-a0b0-07a6a9789226}*SharedItemsImports = 5
		SpaceShared\SpaceShared.projitems*{6258e986-4e80-483e-a0b0-07a6a9789226}*SharedItemsImports = 5
		SpaceShared\SpaceShared.projitems*{695cda6a-9398-4d71-9432-9763cc510020}*SharedItemsImports = 5
		SpaceShared\SpaceShared.projitems*{6e9ba154-07eb-43c8-8e5a-94247ff28556}*SharedItemsImports = 5
		SpaceSharedPatching\SpaceSharedPatching.projitems*{6fa9a976-c843-405f-b7a1-fc6aa3e6faa7}*SharedItemsImports = 5
		SpaceShared\SpaceShared.projitems*{6fa9a976-c843-405f-b7a1-fc6aa3e6faa7}*SharedItemsImports = 5
		SpaceShared\SpaceShared.projitems*{7014c24c-a7b8-446a-8b13-eca54eea1f88}*SharedItemsImports = 5
		SpaceSharedPatching\SpaceSharedPatching.projitems*{7b0e3c65-34bf-48e0-99f1-7b28869f3f5b}*SharedItemsImports = 5
		SpaceShared\SpaceShared.projitems*{7b0e3c65-34bf-48e0-99f1-7b28869f3f5b}*SharedItemsImports = 5
		SpaceShared\SpaceShared.projitems*{7e4024e8-392d-4a65-a659-93e8cb261ffe}*SharedItemsImports = 5
		SpaceShared\SpaceShared.projitems*{8d7529f1-d6a7-4267-93a5-74115b598ec7}*SharedItemsImports = 5
		SpaceShared\SpaceShared.projitems*{9002aaed-277d-40f9-a6ac-91698952124c}*SharedItemsImports = 5
		SpaceSharedPatching\SpaceSharedPatching.projitems*{9495a8bb-cf71-4c86-9eb4-f03247fd0e54}*SharedItemsImports = 5
		SpaceShared\SpaceShared.projitems*{9495a8bb-cf71-4c86-9eb4-f03247fd0e54}*SharedItemsImports = 5
		SpaceSharedPatching\SpaceSharedPatching.projitems*{94c0b3eb-eb7f-4113-b634-4778f7523e7b}*SharedItemsImports = 5
		SpaceShared\SpaceShared.projitems*{94c0b3eb-eb7f-4113-b634-4778f7523e7b}*SharedItemsImports = 5
		SpaceShared\SpaceShared.projitems*{95e3b0c8-60b2-49cc-91a4-b8ea936681d4}*SharedItemsImports = 5
		SpaceShared\SpaceShared.projitems*{992be23f-a878-4788-8009-0aa9b099a707}*SharedItemsImports = 5
		SpaceSharedPatching\SpaceSharedPatching.projitems*{a20de2a2-91a8-41fd-8cb5-75d0b7ff20f9}*SharedItemsImports = 5
		SpaceShared\SpaceShared.projitems*{a20de2a2-91a8-41fd-8cb5-75d0b7ff20f9}*SharedItemsImports = 5
		SpaceShared\SpaceShared.projitems*{a534ca13-4195-468f-93a6-c579cca46058}*SharedItemsImports = 5
		SpaceSharedPatching\SpaceSharedPatching.projitems*{a87f5d49-6246-4b14-8363-114dc9335c2c}*SharedItemsImports = 13
		SpaceShared\SpaceShared.projitems*{ac01eb5c-16cb-4541-916a-b77be55df69a}*SharedItemsImports = 5
		SpaceSharedPatching\SpaceSharedPatching.projitems*{b0bb0171-260e-40fe-95dc-4377ce916ff0}*SharedItemsImports = 5
		SpaceShared\SpaceShared.projitems*{b0bb0171-260e-40fe-95dc-4377ce916ff0}*SharedItemsImports = 5
		SpaceSharedPatching\SpaceSharedPatching.projitems*{b0ef91ab-2dd6-4240-98d9-e965acf79f7c}*SharedItemsImports = 5
		SpaceShared\SpaceShared.projitems*{b0ef91ab-2dd6-4240-98d9-e965acf79f7c}*SharedItemsImports = 5
		SpaceShared\SpaceShared.projitems*{b6e809a4-263f-4912-905a-00175cfb8074}*SharedItemsImports = 5
		SpaceSharedPatching\SpaceSharedPatching.projitems*{ba657cb4-93ed-4c3a-a66e-86954beb4ce6}*SharedItemsImports = 5
		SpaceShared\SpaceShared.projitems*{ba657cb4-93ed-4c3a-a66e-86954beb4ce6}*SharedItemsImports = 5
		SpaceSharedPatching\SpaceSharedPatching.projitems*{bbfd98d1-255c-41ed-aa74-e965fed1ecb2}*SharedItemsImports = 5
		SpaceShared\SpaceShared.projitems*{bbfd98d1-255c-41ed-aa74-e965fed1ecb2}*SharedItemsImports = 5
		SpaceShared\SpaceShared.projitems*{be08ea2b-9860-4d20-b5b4-f3b2ff9da8ea}*SharedItemsImports = 5
		SpaceShared\SpaceShared.projitems*{c3d5972f-cb65-4c85-8e1c-55c78a99940a}*SharedItemsImports = 5
		SpaceSharedPatching\SpaceSharedPatching.projitems*{c5df0500-3462-4095-aef7-3abc5ebfa5ea}*SharedItemsImports = 5
		SpaceShared\SpaceShared.projitems*{c5df0500-3462-4095-aef7-3abc5ebfa5ea}*SharedItemsImports = 5
		SpaceShared\SpaceShared.projitems*{cb66640e-62e0-4efe-b2f2-5c06720275f3}*SharedItemsImports = 5
		SpaceSharedPatching\SpaceSharedPatching.projitems*{d93e668b-6c2a-470c-b9d3-ab86bd3a1e99}*SharedItemsImports = 5
		SpaceShared\SpaceShared.projitems*{d93e668b-6c2a-470c-b9d3-ab86bd3a1e99}*SharedItemsImports = 5
		SpaceShared\SpaceShared.projitems*{daae6853-63d4-40b1-9318-800291b1aa66}*SharedItemsImports = 5
		SpaceShared\SpaceShared.projitems*{e05a01c6-1543-4334-98dc-48e4d54afc90}*SharedItemsImports = 5
		SpaceShared\SpaceShared.projitems*{e1cbd6a1-f9d8-4faa-9d5d-bb1e49682fe6}*SharedItemsImports = 5
		SpaceShared\SpaceShared.projitems*{e3cda243-4e11-493b-96d8-35466abc5ac4}*SharedItemsImports = 5
		SpaceShared\SpaceShared.projitems*{ea954a5c-ab8b-466b-9434-3e7997b3e903}*SharedItemsImports = 5
		SpaceSharedPatching\SpaceSharedPatching.projitems*{eef5d802-f0a2-43b4-bd27-16b8262c4de4}*SharedItemsImports = 5
		SpaceShared\SpaceShared.projitems*{eef5d802-f0a2-43b4-bd27-16b8262c4de4}*SharedItemsImports = 5
		SpaceShared\SpaceShared.projitems*{effd6f85-4075-4a81-b468-c480434989ec}*SharedItemsImports = 5
		SpaceShared\SpaceShared.projitems*{f516d462-4a51-4414-bfa5-e82761af15e5}*SharedItemsImports = 5
		SpaceShared\SpaceShared.projitems*{f7d17474-6ed6-42cf-a79b-2a96319e1875}*SharedItemsImports = 5
		SpaceShared\SpaceShared.projitems*{f918b9a5-24ce-44f7-bcbb-0b6ffebc1f0a}*SharedItemsImports = 5
		SpaceShared\SpaceShared.projitems*{f97e01f6-8ce5-47dc-9a33-27094dd35c33}*SharedItemsImports = 5
		SpaceShared\SpaceShared.projitems*{fa089604-d8e4-4c3f-8e70-b090e17b5548}*SharedItemsImports = 5
	EndGlobalSection
	GlobalSection(SolutionConfigurationPlatforms) = preSolution
		Debug|Any CPU = Debug|Any CPU
		Release|Any CPU = Release|Any CPU
	EndGlobalSection
	GlobalSection(ProjectConfigurationPlatforms) = postSolution
		{BA657CB4-93ED-4C3A-A66E-86954BEB4CE6}.Debug|Any CPU.ActiveCfg = Debug|Any CPU
		{BA657CB4-93ED-4C3A-A66E-86954BEB4CE6}.Debug|Any CPU.Build.0 = Debug|Any CPU
		{BA657CB4-93ED-4C3A-A66E-86954BEB4CE6}.Release|Any CPU.ActiveCfg = Release|Any CPU
		{BA657CB4-93ED-4C3A-A66E-86954BEB4CE6}.Release|Any CPU.Build.0 = Release|Any CPU
		{100B0E56-6FF4-48EA-97B6-6102CB68931E}.Debug|Any CPU.ActiveCfg = Debug|Any CPU
		{100B0E56-6FF4-48EA-97B6-6102CB68931E}.Debug|Any CPU.Build.0 = Debug|Any CPU
		{100B0E56-6FF4-48EA-97B6-6102CB68931E}.Release|Any CPU.ActiveCfg = Release|Any CPU
		{100B0E56-6FF4-48EA-97B6-6102CB68931E}.Release|Any CPU.Build.0 = Release|Any CPU
		{34AB99B0-096E-4919-933C-A7A04D1E9F91}.Debug|Any CPU.ActiveCfg = Debug|Any CPU
		{34AB99B0-096E-4919-933C-A7A04D1E9F91}.Debug|Any CPU.Build.0 = Debug|Any CPU
		{34AB99B0-096E-4919-933C-A7A04D1E9F91}.Release|Any CPU.ActiveCfg = Release|Any CPU
		{34AB99B0-096E-4919-933C-A7A04D1E9F91}.Release|Any CPU.Build.0 = Release|Any CPU
		{695CDA6A-9398-4D71-9432-9763CC510020}.Debug|Any CPU.ActiveCfg = Debug|Any CPU
		{695CDA6A-9398-4D71-9432-9763CC510020}.Debug|Any CPU.Build.0 = Debug|Any CPU
		{695CDA6A-9398-4D71-9432-9763CC510020}.Release|Any CPU.ActiveCfg = Release|Any CPU
		{695CDA6A-9398-4D71-9432-9763CC510020}.Release|Any CPU.Build.0 = Release|Any CPU
		{3DA3FB18-AC0C-40F4-B45B-5D13916D032A}.Debug|Any CPU.ActiveCfg = Debug|Any CPU
		{3DA3FB18-AC0C-40F4-B45B-5D13916D032A}.Debug|Any CPU.Build.0 = Debug|Any CPU
		{3DA3FB18-AC0C-40F4-B45B-5D13916D032A}.Release|Any CPU.ActiveCfg = Release|Any CPU
		{3DA3FB18-AC0C-40F4-B45B-5D13916D032A}.Release|Any CPU.Build.0 = Release|Any CPU
		{185597A0-745D-4DA4-A9B5-0EF67BD3F42F}.Debug|Any CPU.ActiveCfg = Debug|Any CPU
		{185597A0-745D-4DA4-A9B5-0EF67BD3F42F}.Debug|Any CPU.Build.0 = Debug|Any CPU
		{185597A0-745D-4DA4-A9B5-0EF67BD3F42F}.Release|Any CPU.ActiveCfg = Release|Any CPU
		{185597A0-745D-4DA4-A9B5-0EF67BD3F42F}.Release|Any CPU.Build.0 = Release|Any CPU
		{7A27267F-7F30-452B-A51C-4E8994F51345}.Debug|Any CPU.ActiveCfg = Debug|Any CPU
		{7A27267F-7F30-452B-A51C-4E8994F51345}.Debug|Any CPU.Build.0 = Debug|Any CPU
		{7A27267F-7F30-452B-A51C-4E8994F51345}.Release|Any CPU.ActiveCfg = Release|Any CPU
		{7A27267F-7F30-452B-A51C-4E8994F51345}.Release|Any CPU.Build.0 = Release|Any CPU
		{DDF4432C-1EA8-4B41-A004-995E446CBE87}.Debug|Any CPU.ActiveCfg = Debug|Any CPU
		{DDF4432C-1EA8-4B41-A004-995E446CBE87}.Debug|Any CPU.Build.0 = Debug|Any CPU
		{DDF4432C-1EA8-4B41-A004-995E446CBE87}.Release|Any CPU.ActiveCfg = Release|Any CPU
		{DDF4432C-1EA8-4B41-A004-995E446CBE87}.Release|Any CPU.Build.0 = Release|Any CPU
		{0E35D2E7-F8AD-4B49-BD5D-01F95B387446}.Debug|Any CPU.ActiveCfg = Debug|Any CPU
		{0E35D2E7-F8AD-4B49-BD5D-01F95B387446}.Debug|Any CPU.Build.0 = Debug|Any CPU
		{0E35D2E7-F8AD-4B49-BD5D-01F95B387446}.Release|Any CPU.ActiveCfg = Release|Any CPU
		{0E35D2E7-F8AD-4B49-BD5D-01F95B387446}.Release|Any CPU.Build.0 = Release|Any CPU
		{B0DE674A-8A8F-4542-B695-EFDFA3B44E5A}.Debug|Any CPU.ActiveCfg = Debug|Any CPU
		{B0DE674A-8A8F-4542-B695-EFDFA3B44E5A}.Debug|Any CPU.Build.0 = Debug|Any CPU
		{B0DE674A-8A8F-4542-B695-EFDFA3B44E5A}.Release|Any CPU.ActiveCfg = Release|Any CPU
		{B0DE674A-8A8F-4542-B695-EFDFA3B44E5A}.Release|Any CPU.Build.0 = Release|Any CPU
		{C51D771B-0643-4AB3-BC29-3DA9CE1453DB}.Debug|Any CPU.ActiveCfg = Debug|Any CPU
		{C51D771B-0643-4AB3-BC29-3DA9CE1453DB}.Debug|Any CPU.Build.0 = Debug|Any CPU
		{C51D771B-0643-4AB3-BC29-3DA9CE1453DB}.Release|Any CPU.ActiveCfg = Release|Any CPU
		{C51D771B-0643-4AB3-BC29-3DA9CE1453DB}.Release|Any CPU.Build.0 = Release|Any CPU
		{E5502E2E-182B-4C95-A426-418AC5440052}.Debug|Any CPU.ActiveCfg = Debug|Any CPU
		{E5502E2E-182B-4C95-A426-418AC5440052}.Debug|Any CPU.Build.0 = Debug|Any CPU
		{E5502E2E-182B-4C95-A426-418AC5440052}.Release|Any CPU.ActiveCfg = Release|Any CPU
		{E5502E2E-182B-4C95-A426-418AC5440052}.Release|Any CPU.Build.0 = Release|Any CPU
		{A171DE24-73F4-4BA0-9E3D-64326498D202}.Debug|Any CPU.ActiveCfg = Debug|Any CPU
		{A171DE24-73F4-4BA0-9E3D-64326498D202}.Debug|Any CPU.Build.0 = Debug|Any CPU
		{A171DE24-73F4-4BA0-9E3D-64326498D202}.Release|Any CPU.ActiveCfg = Release|Any CPU
		{A171DE24-73F4-4BA0-9E3D-64326498D202}.Release|Any CPU.Build.0 = Release|Any CPU
		{08544E3A-D03B-4C1E-A0FC-4653054A1943}.Debug|Any CPU.ActiveCfg = Debug|Any CPU
		{08544E3A-D03B-4C1E-A0FC-4653054A1943}.Debug|Any CPU.Build.0 = Debug|Any CPU
		{08544E3A-D03B-4C1E-A0FC-4653054A1943}.Release|Any CPU.ActiveCfg = Release|Any CPU
		{08544E3A-D03B-4C1E-A0FC-4653054A1943}.Release|Any CPU.Build.0 = Release|Any CPU
		{341CDBE2-C920-4E58-AA16-0E0A7D1DFD20}.Debug|Any CPU.ActiveCfg = Debug|Any CPU
		{341CDBE2-C920-4E58-AA16-0E0A7D1DFD20}.Debug|Any CPU.Build.0 = Debug|Any CPU
		{341CDBE2-C920-4E58-AA16-0E0A7D1DFD20}.Release|Any CPU.ActiveCfg = Release|Any CPU
		{341CDBE2-C920-4E58-AA16-0E0A7D1DFD20}.Release|Any CPU.Build.0 = Release|Any CPU
		{8BBE5922-AA02-448F-A412-3FF5F0990514}.Debug|Any CPU.ActiveCfg = Debug|Any CPU
		{8BBE5922-AA02-448F-A412-3FF5F0990514}.Debug|Any CPU.Build.0 = Debug|Any CPU
		{8BBE5922-AA02-448F-A412-3FF5F0990514}.Release|Any CPU.ActiveCfg = Release|Any CPU
		{8BBE5922-AA02-448F-A412-3FF5F0990514}.Release|Any CPU.Build.0 = Release|Any CPU
		{5003390C-6E20-4422-B42F-7CD604FC2F2B}.Debug|Any CPU.ActiveCfg = Debug|Any CPU
		{5003390C-6E20-4422-B42F-7CD604FC2F2B}.Debug|Any CPU.Build.0 = Debug|Any CPU
		{5003390C-6E20-4422-B42F-7CD604FC2F2B}.Release|Any CPU.ActiveCfg = Release|Any CPU
		{5003390C-6E20-4422-B42F-7CD604FC2F2B}.Release|Any CPU.Build.0 = Release|Any CPU
		{1B6E793E-6725-4B70-9E92-C63B0E04A511}.Debug|Any CPU.ActiveCfg = Debug|Any CPU
		{1B6E793E-6725-4B70-9E92-C63B0E04A511}.Debug|Any CPU.Build.0 = Debug|Any CPU
		{1B6E793E-6725-4B70-9E92-C63B0E04A511}.Release|Any CPU.ActiveCfg = Release|Any CPU
		{1B6E793E-6725-4B70-9E92-C63B0E04A511}.Release|Any CPU.Build.0 = Release|Any CPU
		{6BD9D10A-A910-4312-B1D4-FB3EC946DD37}.Debug|Any CPU.ActiveCfg = Debug|Any CPU
		{6BD9D10A-A910-4312-B1D4-FB3EC946DD37}.Debug|Any CPU.Build.0 = Debug|Any CPU
		{6BD9D10A-A910-4312-B1D4-FB3EC946DD37}.Release|Any CPU.ActiveCfg = Release|Any CPU
		{6BD9D10A-A910-4312-B1D4-FB3EC946DD37}.Release|Any CPU.Build.0 = Release|Any CPU
	EndGlobalSection
	GlobalSection(SolutionProperties) = preSolution
		HideSolutionNode = FALSE
	EndGlobalSection
	GlobalSection(NestedProjects) = preSolution
		{061610A4-7D02-4F52-A921-F59ED123C2A9} = {DED81BB3-A571-46E2-91C2-6A8B7890C7EA}
		{A87F5D49-6246-4B14-8363-114DC9335C2C} = {DED81BB3-A571-46E2-91C2-6A8B7890C7EA}
		{34AB99B0-096E-4919-933C-A7A04D1E9F91} = {8FEFBE16-BBBC-4EA0-829E-E5DCF15F0DFA}
		{695CDA6A-9398-4D71-9432-9763CC510020} = {8FEFBE16-BBBC-4EA0-829E-E5DCF15F0DFA}
		{185597A0-745D-4DA4-A9B5-0EF67BD3F42F} = {88541912-D5C2-4322-8079-4A949DF04384}
		{7A27267F-7F30-452B-A51C-4E8994F51345} = {8FEFBE16-BBBC-4EA0-829E-E5DCF15F0DFA}
		{DDF4432C-1EA8-4B41-A004-995E446CBE87} = {8FEFBE16-BBBC-4EA0-829E-E5DCF15F0DFA}
		{0E35D2E7-F8AD-4B49-BD5D-01F95B387446} = {8FEFBE16-BBBC-4EA0-829E-E5DCF15F0DFA}
		{B0DE674A-8A8F-4542-B695-EFDFA3B44E5A} = {8FEFBE16-BBBC-4EA0-829E-E5DCF15F0DFA}
		{C51D771B-0643-4AB3-BC29-3DA9CE1453DB} = {8FEFBE16-BBBC-4EA0-829E-E5DCF15F0DFA}
		{E5502E2E-182B-4C95-A426-418AC5440052} = {8FEFBE16-BBBC-4EA0-829E-E5DCF15F0DFA}
		{A171DE24-73F4-4BA0-9E3D-64326498D202} = {8FEFBE16-BBBC-4EA0-829E-E5DCF15F0DFA}
		{08544E3A-D03B-4C1E-A0FC-4653054A1943} = {8FEFBE16-BBBC-4EA0-829E-E5DCF15F0DFA}
		{341CDBE2-C920-4E58-AA16-0E0A7D1DFD20} = {8FEFBE16-BBBC-4EA0-829E-E5DCF15F0DFA}
		{8BBE5922-AA02-448F-A412-3FF5F0990514} = {8FEFBE16-BBBC-4EA0-829E-E5DCF15F0DFA}
		{5003390C-6E20-4422-B42F-7CD604FC2F2B} = {8FEFBE16-BBBC-4EA0-829E-E5DCF15F0DFA}
		{1B6E793E-6725-4B70-9E92-C63B0E04A511} = {8FEFBE16-BBBC-4EA0-829E-E5DCF15F0DFA}
	EndGlobalSection
	GlobalSection(ExtensibilityGlobals) = postSolution
		SolutionGuid = {38EB01DD-BAE8-4977-9815-463F5F434FBF}
	EndGlobalSection
EndGlobal
