
Microsoft Visual Studio Solution File, Format Version 12.00
# Visual Studio Version 16
VisualStudioVersion = 16.0.810.16
MinimumVisualStudioVersion = 10.0.40219.1
Project("{FAE04EC0-301F-11D3-BF4B-00C04F79EFBC}") = "DynamicGameAssets", "DynamicGameAssets.csproj", "{52F0F1D8-EE12-4FAF-92BC-4BF6A979E164}"
EndProject
Global
	GlobalSection(SolutionConfigurationPlatforms) = preSolution
		Debug|Any CPU = Debug|Any CPU
		Release|Any CPU = Release|Any CPU
	EndGlobalSection
	GlobalSection(ProjectConfigurationPlatforms) = postSolution
		{52F0F1D8-EE12-4FAF-92BC-4BF6A979E164}.Debug|Any CPU.ActiveCfg = Debug|Any CPU
		{52F0F1D8-EE12-4FAF-92BC-4BF6A979E164}.Debug|Any CPU.Build.0 = Debug|Any CPU
		{52F0F1D8-EE12-4FAF-92BC-4BF6A979E164}.Release|Any CPU.ActiveCfg = Release|Any CPU
		{52F0F1D8-EE12-4FAF-92BC-4BF6A979E164}.Release|Any CPU.Build.0 = Release|Any CPU
	EndGlobalSection
	GlobalSection(SolutionProperties) = preSolution
		HideSolutionNode = FALSE
	EndGlobalSection
	GlobalSection(ExtensibilityGlobals) = postSolution
		SolutionGuid = {1061A77F-4698-40DA-A7E0-5953017C507A}
	EndGlobalSection
EndGlobal
